
Microsoft Visual Studio Solution File, Format Version 12.00
# Visual Studio Version 17
VisualStudioVersion = 17.4.33103.184
MinimumVisualStudioVersion = 10.0.40219.1
Project("{9A19103F-16F7-4668-BE54-9A1E7A4F7556}") = "EmployeeApiMvc", "EmployeeApiMvc\EmployeeApiMvc.csproj", "{718C6E25-9736-4209-8869-F5B252AA539F}"
EndProject
Project("{2150E333-8FDC-42A3-9474-1A3956D46DE8}") = "Solution Items", "Solution Items", "{A93ED1AA-A972-475B-9CF5-E41679B36F84}"
	ProjectSection(SolutionItems) = preProject
		.editorconfig = .editorconfig
	EndProjectSection
EndProject
Global
	GlobalSection(SolutionConfigurationPlatforms) = preSolution
		Debug|Any CPU = Debug|Any CPU
		Release|Any CPU = Release|Any CPU
	EndGlobalSection
	GlobalSection(ProjectConfigurationPlatforms) = postSolution
		{718C6E25-9736-4209-8869-F5B252AA539F}.Debug|Any CPU.ActiveCfg = Debug|Any CPU
		{718C6E25-9736-4209-8869-F5B252AA539F}.Debug|Any CPU.Build.0 = Debug|Any CPU
		{718C6E25-9736-4209-8869-F5B252AA539F}.Release|Any CPU.ActiveCfg = Release|Any CPU
		{718C6E25-9736-4209-8869-F5B252AA539F}.Release|Any CPU.Build.0 = Release|Any CPU
	EndGlobalSection
	GlobalSection(SolutionProperties) = preSolution
		HideSolutionNode = FALSE
	EndGlobalSection
	GlobalSection(ExtensibilityGlobals) = postSolution
		SolutionGuid = {65C6B6D5-C9D1-4268-BC9B-EBFD930D9B44}
	EndGlobalSection
EndGlobal
